
Microsoft Visual Studio Solution File, Format Version 12.00
# Visual Studio 15
VisualStudioVersion = 15.0.27428.2037
MinimumVisualStudioVersion = 10.0.40219.1
Project("{FAE04EC0-301F-11D3-BF4B-00C04F79EFBC}") = "ProjetoModulo7OOB", "ProjetoModulo7OOB\ProjetoModulo7OOB.csproj", "{6E7EF50B-51BD-4005-9493-F307B1647903}"
EndProject
Global
	GlobalSection(SolutionConfigurationPlatforms) = preSolution
		Debug|Any CPU = Debug|Any CPU
		Release|Any CPU = Release|Any CPU
	EndGlobalSection
	GlobalSection(ProjectConfigurationPlatforms) = postSolution
		{6E7EF50B-51BD-4005-9493-F307B1647903}.Debug|Any CPU.ActiveCfg = Debug|Any CPU
		{6E7EF50B-51BD-4005-9493-F307B1647903}.Debug|Any CPU.Build.0 = Debug|Any CPU
		{6E7EF50B-51BD-4005-9493-F307B1647903}.Release|Any CPU.ActiveCfg = Release|Any CPU
		{6E7EF50B-51BD-4005-9493-F307B1647903}.Release|Any CPU.Build.0 = Release|Any CPU
	EndGlobalSection
	GlobalSection(SolutionProperties) = preSolution
		HideSolutionNode = FALSE
	EndGlobalSection
	GlobalSection(ExtensibilityGlobals) = postSolution
		SolutionGuid = {60DF75E4-47C8-4128-9EDF-E8238524085F}
	EndGlobalSection
EndGlobal
